Microsoft Visual Studio Solution File, Format Version 11.00
# Visual Studio 2010
Project("{8BC9CEB8-8B4A-11D0-8D11-00A0C91BC942}") = "ALL_BUILD", "ALL_BUILD.vcxproj", "{93D87335-47DD-4703-8B02-8089D0AFA982}"
	ProjectSection(ProjectDependencies) = postProject
		{F610F5B8-0341-41FB-80DC-C257CE60D679} = {F610F5B8-0341-41FB-80DC-C257CE60D679}
	EndProjectSection
EndProject
Project("{8BC9CEB8-8B4A-11D0-8D11-00A0C91BC942}") = "INSTALL", "INSTALL.vcxproj", "{01B1E0DF-DDA8-4561-9045-CCB53A9C4C8C}"
	ProjectSection(ProjectDependencies) = postProject
		{93D87335-47DD-4703-8B02-8089D0AFA982} = {93D87335-47DD-4703-8B02-8089D0AFA982}
	EndProjectSection
EndProject
Project("{8BC9CEB8-8B4A-11D0-8D11-00A0C91BC942}") = "iolibrtTiffExample", "iolibrtTiffExample.vcxproj", "{F610F5B8-0341-41FB-80DC-C257CE60D679}"
	ProjectSection(ProjectDependencies) = postProject
	EndProjectSection
EndProject
Global
	GlobalSection(SolutionConfigurationPlatforms) = preSolution
		Debug|x64 = Debug|x64
		Release|x64 = Release|x64
		MinSizeRel|x64 = MinSizeRel|x64
		RelWithDebInfo|x64 = RelWithDebInfo|x64
	EndGlobalSection
	GlobalSection(ProjectConfigurationPlatforms) = postSolution
		{93D87335-47DD-4703-8B02-8089D0AFA982}.Debug|x64.ActiveCfg = Debug|x64
		{93D87335-47DD-4703-8B02-8089D0AFA982}.Debug|x64.Build.0 = Debug|x64
		{93D87335-47DD-4703-8B02-8089D0AFA982}.Release|x64.ActiveCfg = Release|x64
		{93D87335-47DD-4703-8B02-8089D0AFA982}.Release|x64.Build.0 = Release|x64
		{93D87335-47DD-4703-8B02-8089D0AFA982}.MinSizeRel|x64.ActiveCfg = MinSizeRel|x64
		{93D87335-47DD-4703-8B02-8089D0AFA982}.MinSizeRel|x64.Build.0 = MinSizeRel|x64
		{93D87335-47DD-4703-8B02-8089D0AFA982}.RelWithDebInfo|x64.ActiveCfg = RelWithDebInfo|x64
		{93D87335-47DD-4703-8B02-8089D0AFA982}.RelWithDebInfo|x64.Build.0 = RelWithDebInfo|x64
		{01B1E0DF-DDA8-4561-9045-CCB53A9C4C8C}.Debug|x64.ActiveCfg = Debug|x64
		{01B1E0DF-DDA8-4561-9045-CCB53A9C4C8C}.Release|x64.ActiveCfg = Release|x64
		{01B1E0DF-DDA8-4561-9045-CCB53A9C4C8C}.MinSizeRel|x64.ActiveCfg = MinSizeRel|x64
		{01B1E0DF-DDA8-4561-9045-CCB53A9C4C8C}.RelWithDebInfo|x64.ActiveCfg = RelWithDebInfo|x64
		{F610F5B8-0341-41FB-80DC-C257CE60D679}.Debug|x64.ActiveCfg = Debug|x64
		{F610F5B8-0341-41FB-80DC-C257CE60D679}.Debug|x64.Build.0 = Debug|x64
		{F610F5B8-0341-41FB-80DC-C257CE60D679}.Release|x64.ActiveCfg = Release|x64
		{F610F5B8-0341-41FB-80DC-C257CE60D679}.Release|x64.Build.0 = Release|x64
		{F610F5B8-0341-41FB-80DC-C257CE60D679}.MinSizeRel|x64.ActiveCfg = MinSizeRel|x64
		{F610F5B8-0341-41FB-80DC-C257CE60D679}.MinSizeRel|x64.Build.0 = MinSizeRel|x64
		{F610F5B8-0341-41FB-80DC-C257CE60D679}.RelWithDebInfo|x64.ActiveCfg = RelWithDebInfo|x64
		{F610F5B8-0341-41FB-80DC-C257CE60D679}.RelWithDebInfo|x64.Build.0 = RelWithDebInfo|x64
	EndGlobalSection
	GlobalSection(ExtensibilityGlobals) = postSolution
	EndGlobalSection
	GlobalSection(ExtensibilityAddIns) = postSolution
	EndGlobalSection
EndGlobal
