Microsoft Visual Studio Solution File, Format Version 11.00
# Visual Studio 2010
Project("{8BC9CEB8-8B4A-11D0-8D11-00A0C91BC942}") = "ALL_BUILD", "ALL_BUILD.vcxproj", "{57EC521F-6EF0-4B0C-9982-FBEB74EEA06D}"
	ProjectSection(ProjectDependencies) = postProject
		{045EA32C-95E5-4F6C-9670-3432BC7417DB} = {045EA32C-95E5-4F6C-9670-3432BC7417DB}
	EndProjectSection
EndProject
Project("{8BC9CEB8-8B4A-11D0-8D11-00A0C91BC942}") = "INSTALL", "INSTALL.vcxproj", "{FCB1279F-7FEA-4F59-A6F9-578C35E27D03}"
	ProjectSection(ProjectDependencies) = postProject
		{57EC521F-6EF0-4B0C-9982-FBEB74EEA06D} = {57EC521F-6EF0-4B0C-9982-FBEB74EEA06D}
	EndProjectSection
EndProject
Project("{8BC9CEB8-8B4A-11D0-8D11-00A0C91BC942}") = "SgcParameterExample", "SgcParameterExample.vcxproj", "{045EA32C-95E5-4F6C-9670-3432BC7417DB}"
	ProjectSection(ProjectDependencies) = postProject
	EndProjectSection
EndProject
Global
	GlobalSection(SolutionConfigurationPlatforms) = preSolution
		Debug|Win32 = Debug|Win32
		Release|Win32 = Release|Win32
		MinSizeRel|Win32 = MinSizeRel|Win32
		RelWithDebInfo|Win32 = RelWithDebInfo|Win32
	EndGlobalSection
	GlobalSection(ProjectConfigurationPlatforms) = postSolution
		{57EC521F-6EF0-4B0C-9982-FBEB74EEA06D}.Debug|Win32.ActiveCfg = Debug|Win32
		{57EC521F-6EF0-4B0C-9982-FBEB74EEA06D}.Debug|Win32.Build.0 = Debug|Win32
		{57EC521F-6EF0-4B0C-9982-FBEB74EEA06D}.Release|Win32.ActiveCfg = Release|Win32
		{57EC521F-6EF0-4B0C-9982-FBEB74EEA06D}.Release|Win32.Build.0 = Release|Win32
		{57EC521F-6EF0-4B0C-9982-FBEB74EEA06D}.MinSizeRel|Win32.ActiveCfg = MinSizeRel|Win32
		{57EC521F-6EF0-4B0C-9982-FBEB74EEA06D}.MinSizeRel|Win32.Build.0 = MinSizeRel|Win32
		{57EC521F-6EF0-4B0C-9982-FBEB74EEA06D}.RelWithDebInfo|Win32.ActiveCfg = RelWithDebInfo|Win32
		{57EC521F-6EF0-4B0C-9982-FBEB74EEA06D}.RelWithDebInfo|Win32.Build.0 = RelWithDebInfo|Win32
		{FCB1279F-7FEA-4F59-A6F9-578C35E27D03}.Debug|Win32.ActiveCfg = Debug|Win32
		{FCB1279F-7FEA-4F59-A6F9-578C35E27D03}.Release|Win32.ActiveCfg = Release|Win32
		{FCB1279F-7FEA-4F59-A6F9-578C35E27D03}.MinSizeRel|Win32.ActiveCfg = MinSizeRel|Win32
		{FCB1279F-7FEA-4F59-A6F9-578C35E27D03}.RelWithDebInfo|Win32.ActiveCfg = RelWithDebInfo|Win32
		{045EA32C-95E5-4F6C-9670-3432BC7417DB}.Debug|Win32.ActiveCfg = Debug|Win32
		{045EA32C-95E5-4F6C-9670-3432BC7417DB}.Debug|Win32.Build.0 = Debug|Win32
		{045EA32C-95E5-4F6C-9670-3432BC7417DB}.Release|Win32.ActiveCfg = Release|Win32
		{045EA32C-95E5-4F6C-9670-3432BC7417DB}.Release|Win32.Build.0 = Release|Win32
		{045EA32C-95E5-4F6C-9670-3432BC7417DB}.MinSizeRel|Win32.ActiveCfg = MinSizeRel|Win32
		{045EA32C-95E5-4F6C-9670-3432BC7417DB}.MinSizeRel|Win32.Build.0 = MinSizeRel|Win32
		{045EA32C-95E5-4F6C-9670-3432BC7417DB}.RelWithDebInfo|Win32.ActiveCfg = RelWithDebInfo|Win32
		{045EA32C-95E5-4F6C-9670-3432BC7417DB}.RelWithDebInfo|Win32.Build.0 = RelWithDebInfo|Win32
	EndGlobalSection
	GlobalSection(ExtensibilityGlobals) = postSolution
	EndGlobalSection
	GlobalSection(ExtensibilityAddIns) = postSolution
	EndGlobalSection
EndGlobal
