Microsoft Visual Studio Solution File, Format Version 11.00
# Visual Studio 2010
Project("{8BC9CEB8-8B4A-11D0-8D11-00A0C91BC942}") = "ALL_BUILD", "ALL_BUILD.vcxproj", "{9D5F212D-9AFB-4A01-AA93-75591C79B2EA}"
	ProjectSection(ProjectDependencies) = postProject
		{719EFD6F-60A4-4805-9963-4B12DDF0DC30} = {719EFD6F-60A4-4805-9963-4B12DDF0DC30}
	EndProjectSection
EndProject
Project("{8BC9CEB8-8B4A-11D0-8D11-00A0C91BC942}") = "GbeEventExample", "GbeEventExample.vcxproj", "{719EFD6F-60A4-4805-9963-4B12DDF0DC30}"
	ProjectSection(ProjectDependencies) = postProject
	EndProjectSection
EndProject
Project("{8BC9CEB8-8B4A-11D0-8D11-00A0C91BC942}") = "INSTALL", "INSTALL.vcxproj", "{349BF7A0-7D2F-4C76-9CD0-7795B8732BFB}"
	ProjectSection(ProjectDependencies) = postProject
		{9D5F212D-9AFB-4A01-AA93-75591C79B2EA} = {9D5F212D-9AFB-4A01-AA93-75591C79B2EA}
	EndProjectSection
EndProject
Global
	GlobalSection(SolutionConfigurationPlatforms) = preSolution
		Debug|x64 = Debug|x64
		Release|x64 = Release|x64
		MinSizeRel|x64 = MinSizeRel|x64
		RelWithDebInfo|x64 = RelWithDebInfo|x64
	EndGlobalSection
	GlobalSection(ProjectConfigurationPlatforms) = postSolution
		{9D5F212D-9AFB-4A01-AA93-75591C79B2EA}.Debug|x64.ActiveCfg = Debug|x64
		{9D5F212D-9AFB-4A01-AA93-75591C79B2EA}.Debug|x64.Build.0 = Debug|x64
		{9D5F212D-9AFB-4A01-AA93-75591C79B2EA}.Release|x64.ActiveCfg = Release|x64
		{9D5F212D-9AFB-4A01-AA93-75591C79B2EA}.Release|x64.Build.0 = Release|x64
		{9D5F212D-9AFB-4A01-AA93-75591C79B2EA}.MinSizeRel|x64.ActiveCfg = MinSizeRel|x64
		{9D5F212D-9AFB-4A01-AA93-75591C79B2EA}.MinSizeRel|x64.Build.0 = MinSizeRel|x64
		{9D5F212D-9AFB-4A01-AA93-75591C79B2EA}.RelWithDebInfo|x64.ActiveCfg = RelWithDebInfo|x64
		{9D5F212D-9AFB-4A01-AA93-75591C79B2EA}.RelWithDebInfo|x64.Build.0 = RelWithDebInfo|x64
		{719EFD6F-60A4-4805-9963-4B12DDF0DC30}.Debug|x64.ActiveCfg = Debug|x64
		{719EFD6F-60A4-4805-9963-4B12DDF0DC30}.Debug|x64.Build.0 = Debug|x64
		{719EFD6F-60A4-4805-9963-4B12DDF0DC30}.Release|x64.ActiveCfg = Release|x64
		{719EFD6F-60A4-4805-9963-4B12DDF0DC30}.Release|x64.Build.0 = Release|x64
		{719EFD6F-60A4-4805-9963-4B12DDF0DC30}.MinSizeRel|x64.ActiveCfg = MinSizeRel|x64
		{719EFD6F-60A4-4805-9963-4B12DDF0DC30}.MinSizeRel|x64.Build.0 = MinSizeRel|x64
		{719EFD6F-60A4-4805-9963-4B12DDF0DC30}.RelWithDebInfo|x64.ActiveCfg = RelWithDebInfo|x64
		{719EFD6F-60A4-4805-9963-4B12DDF0DC30}.RelWithDebInfo|x64.Build.0 = RelWithDebInfo|x64
		{349BF7A0-7D2F-4C76-9CD0-7795B8732BFB}.Debug|x64.ActiveCfg = Debug|x64
		{349BF7A0-7D2F-4C76-9CD0-7795B8732BFB}.Release|x64.ActiveCfg = Release|x64
		{349BF7A0-7D2F-4C76-9CD0-7795B8732BFB}.MinSizeRel|x64.ActiveCfg = MinSizeRel|x64
		{349BF7A0-7D2F-4C76-9CD0-7795B8732BFB}.RelWithDebInfo|x64.ActiveCfg = RelWithDebInfo|x64
	EndGlobalSection
	GlobalSection(ExtensibilityGlobals) = postSolution
	EndGlobalSection
	GlobalSection(ExtensibilityAddIns) = postSolution
	EndGlobalSection
EndGlobal
