<?xml version="1.0" encoding="UTF-8"?>
<Project ToolsVersion="4.0" xmlns="http://schemas.microsoft.com/developer/msbuild/2003">
  <ItemGroup>
    <CustomBuild Include="CMakeFiles\ab13f2d31ea0df4525bec33527af4af0\INSTALL_force.rule">
      <Filter>CMake Rules</Filter>
    </CustomBuild>
  </ItemGroup>
  <ItemGroup>
    <Filter Include="CMake Rules">
      <UniqueIdentifier>{28CD50E5-3F91-408F-B2B6-C2C70DC3627E}</UniqueIdentifier>
    </Filter>
  </ItemGroup>
</Project>
