Microsoft Visual Studio Solution File, Format Version 11.00
# Visual Studio 2010
Project("{8BC9CEB8-8B4A-11D0-8D11-00A0C91BC942}") = "ALL_BUILD", "ALL_BUILD.vcxproj", "{B87C1AF0-9CD0-408B-9AFB-E39948BC92E6}"
	ProjectSection(ProjectDependencies) = postProject
		{E6990674-06BC-4AF9-9604-719C46463F38} = {E6990674-06BC-4AF9-9604-719C46463F38}
	EndProjectSection
EndProject
Project("{8BC9CEB8-8B4A-11D0-8D11-00A0C91BC942}") = "FgAppletIteratorExample", "FgAppletIteratorExample.vcxproj", "{E6990674-06BC-4AF9-9604-719C46463F38}"
	ProjectSection(ProjectDependencies) = postProject
	EndProjectSection
EndProject
Project("{8BC9CEB8-8B4A-11D0-8D11-00A0C91BC942}") = "INSTALL", "INSTALL.vcxproj", "{CC225F13-0E6E-42FF-8CC1-A9C57B9ABF38}"
	ProjectSection(ProjectDependencies) = postProject
		{B87C1AF0-9CD0-408B-9AFB-E39948BC92E6} = {B87C1AF0-9CD0-408B-9AFB-E39948BC92E6}
	EndProjectSection
EndProject
Global
	GlobalSection(SolutionConfigurationPlatforms) = preSolution
		Debug|x64 = Debug|x64
		Release|x64 = Release|x64
		MinSizeRel|x64 = MinSizeRel|x64
		RelWithDebInfo|x64 = RelWithDebInfo|x64
	EndGlobalSection
	GlobalSection(ProjectConfigurationPlatforms) = postSolution
		{B87C1AF0-9CD0-408B-9AFB-E39948BC92E6}.Debug|x64.ActiveCfg = Debug|x64
		{B87C1AF0-9CD0-408B-9AFB-E39948BC92E6}.Debug|x64.Build.0 = Debug|x64
		{B87C1AF0-9CD0-408B-9AFB-E39948BC92E6}.Release|x64.ActiveCfg = Release|x64
		{B87C1AF0-9CD0-408B-9AFB-E39948BC92E6}.Release|x64.Build.0 = Release|x64
		{B87C1AF0-9CD0-408B-9AFB-E39948BC92E6}.MinSizeRel|x64.ActiveCfg = MinSizeRel|x64
		{B87C1AF0-9CD0-408B-9AFB-E39948BC92E6}.MinSizeRel|x64.Build.0 = MinSizeRel|x64
		{B87C1AF0-9CD0-408B-9AFB-E39948BC92E6}.RelWithDebInfo|x64.ActiveCfg = RelWithDebInfo|x64
		{B87C1AF0-9CD0-408B-9AFB-E39948BC92E6}.RelWithDebInfo|x64.Build.0 = RelWithDebInfo|x64
		{E6990674-06BC-4AF9-9604-719C46463F38}.Debug|x64.ActiveCfg = Debug|x64
		{E6990674-06BC-4AF9-9604-719C46463F38}.Debug|x64.Build.0 = Debug|x64
		{E6990674-06BC-4AF9-9604-719C46463F38}.Release|x64.ActiveCfg = Release|x64
		{E6990674-06BC-4AF9-9604-719C46463F38}.Release|x64.Build.0 = Release|x64
		{E6990674-06BC-4AF9-9604-719C46463F38}.MinSizeRel|x64.ActiveCfg = MinSizeRel|x64
		{E6990674-06BC-4AF9-9604-719C46463F38}.MinSizeRel|x64.Build.0 = MinSizeRel|x64
		{E6990674-06BC-4AF9-9604-719C46463F38}.RelWithDebInfo|x64.ActiveCfg = RelWithDebInfo|x64
		{E6990674-06BC-4AF9-9604-719C46463F38}.RelWithDebInfo|x64.Build.0 = RelWithDebInfo|x64
		{CC225F13-0E6E-42FF-8CC1-A9C57B9ABF38}.Debug|x64.ActiveCfg = Debug|x64
		{CC225F13-0E6E-42FF-8CC1-A9C57B9ABF38}.Release|x64.ActiveCfg = Release|x64
		{CC225F13-0E6E-42FF-8CC1-A9C57B9ABF38}.MinSizeRel|x64.ActiveCfg = MinSizeRel|x64
		{CC225F13-0E6E-42FF-8CC1-A9C57B9ABF38}.RelWithDebInfo|x64.ActiveCfg = RelWithDebInfo|x64
	EndGlobalSection
	GlobalSection(ExtensibilityGlobals) = postSolution
	EndGlobalSection
	GlobalSection(ExtensibilityAddIns) = postSolution
	EndGlobalSection
EndGlobal
