<?xml version="1.0" encoding="UTF-8"?>
<Project ToolsVersion="4.0" xmlns="http://schemas.microsoft.com/developer/msbuild/2003">
  <ItemGroup>
    <CustomBuild Include="CMakeFiles\bf6ccd2a78f3d831e6d4c86f41d78962\INSTALL_force.rule">
      <Filter>CMake Rules</Filter>
    </CustomBuild>
  </ItemGroup>
  <ItemGroup>
    <Filter Include="CMake Rules">
      <UniqueIdentifier>{FFD7BBDA-5744-4C7B-A58A-20F52540F511}</UniqueIdentifier>
    </Filter>
  </ItemGroup>
</Project>
