<?xml version="1.0" encoding="UTF-8"?>
<Project ToolsVersion="4.0" xmlns="http://schemas.microsoft.com/developer/msbuild/2003">
  <ItemGroup>
    <CustomBuild Include="CMakeFiles\2120f71574a12cfd16867c13eea41584\INSTALL_force.rule">
      <Filter>CMake Rules</Filter>
    </CustomBuild>
  </ItemGroup>
  <ItemGroup>
    <Filter Include="CMake Rules">
      <UniqueIdentifier>{A6755A6B-0EFD-4ED2-A26E-36CCFCFCDED6}</UniqueIdentifier>
    </Filter>
  </ItemGroup>
</Project>
