Microsoft Visual Studio Solution File, Format Version 11.00
# Visual Studio 2010
Project("{8BC9CEB8-8B4A-11D0-8D11-00A0C91BC942}") = "ALL_BUILD", "ALL_BUILD.vcxproj", "{E10ADF03-FD86-41BF-A906-9271113114FB}"
	ProjectSection(ProjectDependencies) = postProject
		{1C3B57F1-4678-42D2-8C3F-5867164C9C89} = {1C3B57F1-4678-42D2-8C3F-5867164C9C89}
	EndProjectSection
EndProject
Project("{8BC9CEB8-8B4A-11D0-8D11-00A0C91BC942}") = "GbeCameraDetectionExample", "GbeCameraDetectionExample.vcxproj", "{1C3B57F1-4678-42D2-8C3F-5867164C9C89}"
	ProjectSection(ProjectDependencies) = postProject
	EndProjectSection
EndProject
Project("{8BC9CEB8-8B4A-11D0-8D11-00A0C91BC942}") = "INSTALL", "INSTALL.vcxproj", "{84AF29D5-E421-49FC-977A-29E24D37F1DA}"
	ProjectSection(ProjectDependencies) = postProject
		{E10ADF03-FD86-41BF-A906-9271113114FB} = {E10ADF03-FD86-41BF-A906-9271113114FB}
	EndProjectSection
EndProject
Global
	GlobalSection(SolutionConfigurationPlatforms) = preSolution
		Debug|Win32 = Debug|Win32
		Release|Win32 = Release|Win32
		MinSizeRel|Win32 = MinSizeRel|Win32
		RelWithDebInfo|Win32 = RelWithDebInfo|Win32
	EndGlobalSection
	GlobalSection(ProjectConfigurationPlatforms) = postSolution
		{E10ADF03-FD86-41BF-A906-9271113114FB}.Debug|Win32.ActiveCfg = Debug|Win32
		{E10ADF03-FD86-41BF-A906-9271113114FB}.Debug|Win32.Build.0 = Debug|Win32
		{E10ADF03-FD86-41BF-A906-9271113114FB}.Release|Win32.ActiveCfg = Release|Win32
		{E10ADF03-FD86-41BF-A906-9271113114FB}.Release|Win32.Build.0 = Release|Win32
		{E10ADF03-FD86-41BF-A906-9271113114FB}.MinSizeRel|Win32.ActiveCfg = MinSizeRel|Win32
		{E10ADF03-FD86-41BF-A906-9271113114FB}.MinSizeRel|Win32.Build.0 = MinSizeRel|Win32
		{E10ADF03-FD86-41BF-A906-9271113114FB}.RelWithDebInfo|Win32.ActiveCfg = RelWithDebInfo|Win32
		{E10ADF03-FD86-41BF-A906-9271113114FB}.RelWithDebInfo|Win32.Build.0 = RelWithDebInfo|Win32
		{1C3B57F1-4678-42D2-8C3F-5867164C9C89}.Debug|Win32.ActiveCfg = Debug|Win32
		{1C3B57F1-4678-42D2-8C3F-5867164C9C89}.Debug|Win32.Build.0 = Debug|Win32
		{1C3B57F1-4678-42D2-8C3F-5867164C9C89}.Release|Win32.ActiveCfg = Release|Win32
		{1C3B57F1-4678-42D2-8C3F-5867164C9C89}.Release|Win32.Build.0 = Release|Win32
		{1C3B57F1-4678-42D2-8C3F-5867164C9C89}.MinSizeRel|Win32.ActiveCfg = MinSizeRel|Win32
		{1C3B57F1-4678-42D2-8C3F-5867164C9C89}.MinSizeRel|Win32.Build.0 = MinSizeRel|Win32
		{1C3B57F1-4678-42D2-8C3F-5867164C9C89}.RelWithDebInfo|Win32.ActiveCfg = RelWithDebInfo|Win32
		{1C3B57F1-4678-42D2-8C3F-5867164C9C89}.RelWithDebInfo|Win32.Build.0 = RelWithDebInfo|Win32
		{84AF29D5-E421-49FC-977A-29E24D37F1DA}.Debug|Win32.ActiveCfg = Debug|Win32
		{84AF29D5-E421-49FC-977A-29E24D37F1DA}.Release|Win32.ActiveCfg = Release|Win32
		{84AF29D5-E421-49FC-977A-29E24D37F1DA}.MinSizeRel|Win32.ActiveCfg = MinSizeRel|Win32
		{84AF29D5-E421-49FC-977A-29E24D37F1DA}.RelWithDebInfo|Win32.ActiveCfg = RelWithDebInfo|Win32
	EndGlobalSection
	GlobalSection(ExtensibilityGlobals) = postSolution
	EndGlobalSection
	GlobalSection(ExtensibilityAddIns) = postSolution
	EndGlobalSection
EndGlobal
