Microsoft Visual Studio Solution File, Format Version 11.00
# Visual Studio 2010
Project("{8BC9CEB8-8B4A-11D0-8D11-00A0C91BC942}") = "ALL_BUILD", "ALL_BUILD.vcxproj", "{B76B1E71-28A1-4062-9527-4D040C09B762}"
	ProjectSection(ProjectDependencies) = postProject
		{BCBBF9B8-49AD-4047-89FA-CA65E3979536} = {BCBBF9B8-49AD-4047-89FA-CA65E3979536}
	EndProjectSection
EndProject
Project("{8BC9CEB8-8B4A-11D0-8D11-00A0C91BC942}") = "FgInitConfigExample", "FgInitConfigExample.vcxproj", "{BCBBF9B8-49AD-4047-89FA-CA65E3979536}"
	ProjectSection(ProjectDependencies) = postProject
	EndProjectSection
EndProject
Project("{8BC9CEB8-8B4A-11D0-8D11-00A0C91BC942}") = "INSTALL", "INSTALL.vcxproj", "{401FB4A5-40A4-4100-AC57-BB8801E0ED96}"
	ProjectSection(ProjectDependencies) = postProject
		{B76B1E71-28A1-4062-9527-4D040C09B762} = {B76B1E71-28A1-4062-9527-4D040C09B762}
	EndProjectSection
EndProject
Global
	GlobalSection(SolutionConfigurationPlatforms) = preSolution
		Debug|Win32 = Debug|Win32
		Release|Win32 = Release|Win32
		MinSizeRel|Win32 = MinSizeRel|Win32
		RelWithDebInfo|Win32 = RelWithDebInfo|Win32
	EndGlobalSection
	GlobalSection(ProjectConfigurationPlatforms) = postSolution
		{B76B1E71-28A1-4062-9527-4D040C09B762}.Debug|Win32.ActiveCfg = Debug|Win32
		{B76B1E71-28A1-4062-9527-4D040C09B762}.Debug|Win32.Build.0 = Debug|Win32
		{B76B1E71-28A1-4062-9527-4D040C09B762}.Release|Win32.ActiveCfg = Release|Win32
		{B76B1E71-28A1-4062-9527-4D040C09B762}.Release|Win32.Build.0 = Release|Win32
		{B76B1E71-28A1-4062-9527-4D040C09B762}.MinSizeRel|Win32.ActiveCfg = MinSizeRel|Win32
		{B76B1E71-28A1-4062-9527-4D040C09B762}.MinSizeRel|Win32.Build.0 = MinSizeRel|Win32
		{B76B1E71-28A1-4062-9527-4D040C09B762}.RelWithDebInfo|Win32.ActiveCfg = RelWithDebInfo|Win32
		{B76B1E71-28A1-4062-9527-4D040C09B762}.RelWithDebInfo|Win32.Build.0 = RelWithDebInfo|Win32
		{BCBBF9B8-49AD-4047-89FA-CA65E3979536}.Debug|Win32.ActiveCfg = Debug|Win32
		{BCBBF9B8-49AD-4047-89FA-CA65E3979536}.Debug|Win32.Build.0 = Debug|Win32
		{BCBBF9B8-49AD-4047-89FA-CA65E3979536}.Release|Win32.ActiveCfg = Release|Win32
		{BCBBF9B8-49AD-4047-89FA-CA65E3979536}.Release|Win32.Build.0 = Release|Win32
		{BCBBF9B8-49AD-4047-89FA-CA65E3979536}.MinSizeRel|Win32.ActiveCfg = MinSizeRel|Win32
		{BCBBF9B8-49AD-4047-89FA-CA65E3979536}.MinSizeRel|Win32.Build.0 = MinSizeRel|Win32
		{BCBBF9B8-49AD-4047-89FA-CA65E3979536}.RelWithDebInfo|Win32.ActiveCfg = RelWithDebInfo|Win32
		{BCBBF9B8-49AD-4047-89FA-CA65E3979536}.RelWithDebInfo|Win32.Build.0 = RelWithDebInfo|Win32
		{401FB4A5-40A4-4100-AC57-BB8801E0ED96}.Debug|Win32.ActiveCfg = Debug|Win32
		{401FB4A5-40A4-4100-AC57-BB8801E0ED96}.Release|Win32.ActiveCfg = Release|Win32
		{401FB4A5-40A4-4100-AC57-BB8801E0ED96}.MinSizeRel|Win32.ActiveCfg = MinSizeRel|Win32
		{401FB4A5-40A4-4100-AC57-BB8801E0ED96}.RelWithDebInfo|Win32.ActiveCfg = RelWithDebInfo|Win32
	EndGlobalSection
	GlobalSection(ExtensibilityGlobals) = postSolution
	EndGlobalSection
	GlobalSection(ExtensibilityAddIns) = postSolution
	EndGlobalSection
EndGlobal
