Microsoft Visual Studio Solution File, Format Version 11.00
# Visual Studio 2010
Project("{8BC9CEB8-8B4A-11D0-8D11-00A0C91BC942}") = "ALL_BUILD", "ALL_BUILD.vcxproj", "{DE281686-61A0-4807-8144-EAF8056CC5B9}"
	ProjectSection(ProjectDependencies) = postProject
		{2F421F69-95FD-450B-BEAA-F94D20184A20} = {2F421F69-95FD-450B-BEAA-F94D20184A20}
	EndProjectSection
EndProject
Project("{8BC9CEB8-8B4A-11D0-8D11-00A0C91BC942}") = "FgAcqAPCExample", "FgAcqAPCExample.vcxproj", "{2F421F69-95FD-450B-BEAA-F94D20184A20}"
	ProjectSection(ProjectDependencies) = postProject
	EndProjectSection
EndProject
Project("{8BC9CEB8-8B4A-11D0-8D11-00A0C91BC942}") = "INSTALL", "INSTALL.vcxproj", "{C8830B2C-2134-4B38-87D5-9CB6D8AB29AB}"
	ProjectSection(ProjectDependencies) = postProject
		{DE281686-61A0-4807-8144-EAF8056CC5B9} = {DE281686-61A0-4807-8144-EAF8056CC5B9}
	EndProjectSection
EndProject
Global
	GlobalSection(SolutionConfigurationPlatforms) = preSolution
		Debug|Win32 = Debug|Win32
		Release|Win32 = Release|Win32
		MinSizeRel|Win32 = MinSizeRel|Win32
		RelWithDebInfo|Win32 = RelWithDebInfo|Win32
	EndGlobalSection
	GlobalSection(ProjectConfigurationPlatforms) = postSolution
		{DE281686-61A0-4807-8144-EAF8056CC5B9}.Debug|Win32.ActiveCfg = Debug|Win32
		{DE281686-61A0-4807-8144-EAF8056CC5B9}.Debug|Win32.Build.0 = Debug|Win32
		{DE281686-61A0-4807-8144-EAF8056CC5B9}.Release|Win32.ActiveCfg = Release|Win32
		{DE281686-61A0-4807-8144-EAF8056CC5B9}.Release|Win32.Build.0 = Release|Win32
		{DE281686-61A0-4807-8144-EAF8056CC5B9}.MinSizeRel|Win32.ActiveCfg = MinSizeRel|Win32
		{DE281686-61A0-4807-8144-EAF8056CC5B9}.MinSizeRel|Win32.Build.0 = MinSizeRel|Win32
		{DE281686-61A0-4807-8144-EAF8056CC5B9}.RelWithDebInfo|Win32.ActiveCfg = RelWithDebInfo|Win32
		{DE281686-61A0-4807-8144-EAF8056CC5B9}.RelWithDebInfo|Win32.Build.0 = RelWithDebInfo|Win32
		{2F421F69-95FD-450B-BEAA-F94D20184A20}.Debug|Win32.ActiveCfg = Debug|Win32
		{2F421F69-95FD-450B-BEAA-F94D20184A20}.Debug|Win32.Build.0 = Debug|Win32
		{2F421F69-95FD-450B-BEAA-F94D20184A20}.Release|Win32.ActiveCfg = Release|Win32
		{2F421F69-95FD-450B-BEAA-F94D20184A20}.Release|Win32.Build.0 = Release|Win32
		{2F421F69-95FD-450B-BEAA-F94D20184A20}.MinSizeRel|Win32.ActiveCfg = MinSizeRel|Win32
		{2F421F69-95FD-450B-BEAA-F94D20184A20}.MinSizeRel|Win32.Build.0 = MinSizeRel|Win32
		{2F421F69-95FD-450B-BEAA-F94D20184A20}.RelWithDebInfo|Win32.ActiveCfg = RelWithDebInfo|Win32
		{2F421F69-95FD-450B-BEAA-F94D20184A20}.RelWithDebInfo|Win32.Build.0 = RelWithDebInfo|Win32
		{C8830B2C-2134-4B38-87D5-9CB6D8AB29AB}.Debug|Win32.ActiveCfg = Debug|Win32
		{C8830B2C-2134-4B38-87D5-9CB6D8AB29AB}.Release|Win32.ActiveCfg = Release|Win32
		{C8830B2C-2134-4B38-87D5-9CB6D8AB29AB}.MinSizeRel|Win32.ActiveCfg = MinSizeRel|Win32
		{C8830B2C-2134-4B38-87D5-9CB6D8AB29AB}.RelWithDebInfo|Win32.ActiveCfg = RelWithDebInfo|Win32
	EndGlobalSection
	GlobalSection(ExtensibilityGlobals) = postSolution
	EndGlobalSection
	GlobalSection(ExtensibilityAddIns) = postSolution
	EndGlobalSection
EndGlobal
