<?xml version="1.0" encoding="UTF-8"?>
<Project ToolsVersion="4.0" xmlns="http://schemas.microsoft.com/developer/msbuild/2003">
  <ItemGroup>
    <ClCompile Include="..\FgAcqAPCExample.cpp">
      <Filter>src</Filter>
    </ClCompile>
    <ClCompile Include="..\main.cpp">
      <Filter>src</Filter>
    </ClCompile>
    <ClCompile Include="..\..\..\Initialization\FgAppletIterator\FgAppletIteratorExample.cpp">
      <Filter>helper</Filter>
    </ClCompile>
    <ClCompile Include="..\..\..\Initialization\FgDmaChannel\FgDmaChannelExample.cpp">
      <Filter>helper</Filter>
    </ClCompile>
    <ClCompile Include="..\..\..\..\ExampleHelper\DmaMemWrapper.cpp">
      <Filter>helper</Filter>
    </ClCompile>
    <ClCompile Include="..\..\..\..\ExampleHelper\DisplayWrapper.cpp">
      <Filter>helper</Filter>
    </ClCompile>
    <ClCompile Include="..\..\..\..\ExampleHelper\FgWrapper.cpp">
      <Filter>helper</Filter>
    </ClCompile>
    <ClCompile Include="..\..\..\..\ExampleHelper\FgExample.cpp">
      <Filter>helper</Filter>
    </ClCompile>
  </ItemGroup>
  <ItemGroup>
    <ClInclude Include="..\FgAcqAPCExample.h">
      <Filter>src</Filter>
    </ClInclude>
  </ItemGroup>
  <ItemGroup>
    <Filter Include="src">
      <UniqueIdentifier>{C67F840D-5311-4CB5-A9BA-67FAE0CD2153}</UniqueIdentifier>
    </Filter>
    <Filter Include="helper">
      <UniqueIdentifier>{3EFC822A-C6F5-4552-9948-21954776FEEA}</UniqueIdentifier>
    </Filter>
  </ItemGroup>
</Project>
