<?xml version="1.0" encoding="UTF-8"?>
<Project ToolsVersion="4.0" xmlns="http://schemas.microsoft.com/developer/msbuild/2003">
  <ItemGroup>
    <CustomBuild Include="CMakeFiles\3d41fb5c23cb095b3cb07c638c7a1873\INSTALL_force.rule">
      <Filter>CMake Rules</Filter>
    </CustomBuild>
  </ItemGroup>
  <ItemGroup>
    <Filter Include="CMake Rules">
      <UniqueIdentifier>{D5C0E216-0D29-49B4-A1B5-7B8AFD879246}</UniqueIdentifier>
    </Filter>
  </ItemGroup>
</Project>
