<?xml version="1.0" encoding="UTF-8"?>
<Project ToolsVersion="4.0" xmlns="http://schemas.microsoft.com/developer/msbuild/2003">
  <ItemGroup>
    <CustomBuild Include="CMakeFiles\70bee3f73fe2f066b1a4772e14e777a0\INSTALL_force.rule">
      <Filter>CMake Rules</Filter>
    </CustomBuild>
  </ItemGroup>
  <ItemGroup>
    <Filter Include="CMake Rules">
      <UniqueIdentifier>{4BBDE187-577E-4950-8AA0-B4F1EBC7400A}</UniqueIdentifier>
    </Filter>
  </ItemGroup>
</Project>
