Microsoft Visual Studio Solution File, Format Version 11.00
# Visual Studio 2010
Project("{8BC9CEB8-8B4A-11D0-8D11-00A0C91BC942}") = "ALL_BUILD", "ALL_BUILD.vcxproj", "{314BCF77-F70F-438C-9A65-528F6ABE945C}"
	ProjectSection(ProjectDependencies) = postProject
		{D86D02C6-8E9B-4EE2-96F4-9854CE5AE44B} = {D86D02C6-8E9B-4EE2-96F4-9854CE5AE44B}
	EndProjectSection
EndProject
Project("{8BC9CEB8-8B4A-11D0-8D11-00A0C91BC942}") = "FgAppletIteratorExample", "FgAppletIteratorExample.vcxproj", "{D86D02C6-8E9B-4EE2-96F4-9854CE5AE44B}"
	ProjectSection(ProjectDependencies) = postProject
	EndProjectSection
EndProject
Project("{8BC9CEB8-8B4A-11D0-8D11-00A0C91BC942}") = "INSTALL", "INSTALL.vcxproj", "{E4E6DB18-960F-4960-903E-EB438515D27C}"
	ProjectSection(ProjectDependencies) = postProject
		{314BCF77-F70F-438C-9A65-528F6ABE945C} = {314BCF77-F70F-438C-9A65-528F6ABE945C}
	EndProjectSection
EndProject
Global
	GlobalSection(SolutionConfigurationPlatforms) = preSolution
		Debug|Win32 = Debug|Win32
		Release|Win32 = Release|Win32
		MinSizeRel|Win32 = MinSizeRel|Win32
		RelWithDebInfo|Win32 = RelWithDebInfo|Win32
	EndGlobalSection
	GlobalSection(ProjectConfigurationPlatforms) = postSolution
		{314BCF77-F70F-438C-9A65-528F6ABE945C}.Debug|Win32.ActiveCfg = Debug|Win32
		{314BCF77-F70F-438C-9A65-528F6ABE945C}.Debug|Win32.Build.0 = Debug|Win32
		{314BCF77-F70F-438C-9A65-528F6ABE945C}.Release|Win32.ActiveCfg = Release|Win32
		{314BCF77-F70F-438C-9A65-528F6ABE945C}.Release|Win32.Build.0 = Release|Win32
		{314BCF77-F70F-438C-9A65-528F6ABE945C}.MinSizeRel|Win32.ActiveCfg = MinSizeRel|Win32
		{314BCF77-F70F-438C-9A65-528F6ABE945C}.MinSizeRel|Win32.Build.0 = MinSizeRel|Win32
		{314BCF77-F70F-438C-9A65-528F6ABE945C}.RelWithDebInfo|Win32.ActiveCfg = RelWithDebInfo|Win32
		{314BCF77-F70F-438C-9A65-528F6ABE945C}.RelWithDebInfo|Win32.Build.0 = RelWithDebInfo|Win32
		{D86D02C6-8E9B-4EE2-96F4-9854CE5AE44B}.Debug|Win32.ActiveCfg = Debug|Win32
		{D86D02C6-8E9B-4EE2-96F4-9854CE5AE44B}.Debug|Win32.Build.0 = Debug|Win32
		{D86D02C6-8E9B-4EE2-96F4-9854CE5AE44B}.Release|Win32.ActiveCfg = Release|Win32
		{D86D02C6-8E9B-4EE2-96F4-9854CE5AE44B}.Release|Win32.Build.0 = Release|Win32
		{D86D02C6-8E9B-4EE2-96F4-9854CE5AE44B}.MinSizeRel|Win32.ActiveCfg = MinSizeRel|Win32
		{D86D02C6-8E9B-4EE2-96F4-9854CE5AE44B}.MinSizeRel|Win32.Build.0 = MinSizeRel|Win32
		{D86D02C6-8E9B-4EE2-96F4-9854CE5AE44B}.RelWithDebInfo|Win32.ActiveCfg = RelWithDebInfo|Win32
		{D86D02C6-8E9B-4EE2-96F4-9854CE5AE44B}.RelWithDebInfo|Win32.Build.0 = RelWithDebInfo|Win32
		{E4E6DB18-960F-4960-903E-EB438515D27C}.Debug|Win32.ActiveCfg = Debug|Win32
		{E4E6DB18-960F-4960-903E-EB438515D27C}.Release|Win32.ActiveCfg = Release|Win32
		{E4E6DB18-960F-4960-903E-EB438515D27C}.MinSizeRel|Win32.ActiveCfg = MinSizeRel|Win32
		{E4E6DB18-960F-4960-903E-EB438515D27C}.RelWithDebInfo|Win32.ActiveCfg = RelWithDebInfo|Win32
	EndGlobalSection
	GlobalSection(ExtensibilityGlobals) = postSolution
	EndGlobalSection
	GlobalSection(ExtensibilityAddIns) = postSolution
	EndGlobalSection
EndGlobal
