<?xml version="1.0" encoding="UTF-8"?>
<Project ToolsVersion="4.0" xmlns="http://schemas.microsoft.com/developer/msbuild/2003">
  <ItemGroup>
    <CustomBuild Include="CMakeFiles\aa6a9b67461e21c15b18dfbcf84e55cb\INSTALL_force.rule">
      <Filter>CMake Rules</Filter>
    </CustomBuild>
  </ItemGroup>
  <ItemGroup>
    <Filter Include="CMake Rules">
      <UniqueIdentifier>{94DBECB1-C33E-4E9F-AC3F-F0FAEE310B97}</UniqueIdentifier>
    </Filter>
  </ItemGroup>
</Project>
