<?xml version="1.0" encoding="UTF-8"?>
<Project ToolsVersion="4.0" xmlns="http://schemas.microsoft.com/developer/msbuild/2003">
  <ItemGroup>
    <CustomBuild Include="CMakeFiles\08271ef36e5fd7fd4709876aa0eb756d\INSTALL_force.rule">
      <Filter>CMake Rules</Filter>
    </CustomBuild>
  </ItemGroup>
  <ItemGroup>
    <Filter Include="CMake Rules">
      <UniqueIdentifier>{950D6A18-3F9A-45E1-AD08-0ADF99E0F88D}</UniqueIdentifier>
    </Filter>
  </ItemGroup>
</Project>
