<?xml version="1.0" encoding="UTF-8"?>
<Project ToolsVersion="4.0" xmlns="http://schemas.microsoft.com/developer/msbuild/2003">
  <ItemGroup>
    <CustomBuild Include="CMakeFiles\ceaecd83d61ca336b1e77ae2a42ceb22\INSTALL_force.rule">
      <Filter>CMake Rules</Filter>
    </CustomBuild>
  </ItemGroup>
  <ItemGroup>
    <Filter Include="CMake Rules">
      <UniqueIdentifier>{8A8F239D-1E58-49D6-9794-131F33FC5B70}</UniqueIdentifier>
    </Filter>
  </ItemGroup>
</Project>
