<?xml version="1.0" encoding="UTF-8"?>
<Project ToolsVersion="4.0" xmlns="http://schemas.microsoft.com/developer/msbuild/2003">
  <ItemGroup>
    <ClCompile Include="..\FgSaveConfigExample.cpp">
      <Filter>src</Filter>
    </ClCompile>
    <ClCompile Include="..\main.cpp">
      <Filter>src</Filter>
    </ClCompile>
    <ClCompile Include="..\..\..\..\ExampleHelper\DmaMemWrapper.cpp">
      <Filter>helper</Filter>
    </ClCompile>
    <ClCompile Include="..\..\..\..\ExampleHelper\DisplayWrapper.cpp">
      <Filter>helper</Filter>
    </ClCompile>
    <ClCompile Include="..\..\..\..\ExampleHelper\FgWrapper.cpp">
      <Filter>helper</Filter>
    </ClCompile>
    <ClCompile Include="..\..\..\..\ExampleHelper\FgExample.cpp">
      <Filter>helper</Filter>
    </ClCompile>
  </ItemGroup>
  <ItemGroup>
    <Filter Include="src">
      <UniqueIdentifier>{DDE40B6F-6CA1-4629-AEF1-D044AFAC2A28}</UniqueIdentifier>
    </Filter>
    <Filter Include="helper">
      <UniqueIdentifier>{6241BD2C-7CCC-466C-84D7-2D21F784A6F1}</UniqueIdentifier>
    </Filter>
  </ItemGroup>
</Project>
