Microsoft Visual Studio Solution File, Format Version 11.00
# Visual Studio 2010
Project("{8BC9CEB8-8B4A-11D0-8D11-00A0C91BC942}") = "ALL_BUILD", "ALL_BUILD.vcxproj", "{7D480310-A1BE-47ED-9961-43FFA9E696DC}"
	ProjectSection(ProjectDependencies) = postProject
		{81A76562-23B6-4DCD-B1D4-A1ABFE30F3E6} = {81A76562-23B6-4DCD-B1D4-A1ABFE30F3E6}
	EndProjectSection
EndProject
Project("{8BC9CEB8-8B4A-11D0-8D11-00A0C91BC942}") = "FgSaveConfigExample", "FgSaveConfigExample.vcxproj", "{81A76562-23B6-4DCD-B1D4-A1ABFE30F3E6}"
	ProjectSection(ProjectDependencies) = postProject
	EndProjectSection
EndProject
Project("{8BC9CEB8-8B4A-11D0-8D11-00A0C91BC942}") = "INSTALL", "INSTALL.vcxproj", "{75192307-C46D-47B9-91B6-0C43CAB86770}"
	ProjectSection(ProjectDependencies) = postProject
		{7D480310-A1BE-47ED-9961-43FFA9E696DC} = {7D480310-A1BE-47ED-9961-43FFA9E696DC}
	EndProjectSection
EndProject
Global
	GlobalSection(SolutionConfigurationPlatforms) = preSolution
		Debug|x64 = Debug|x64
		Release|x64 = Release|x64
		MinSizeRel|x64 = MinSizeRel|x64
		RelWithDebInfo|x64 = RelWithDebInfo|x64
	EndGlobalSection
	GlobalSection(ProjectConfigurationPlatforms) = postSolution
		{7D480310-A1BE-47ED-9961-43FFA9E696DC}.Debug|x64.ActiveCfg = Debug|x64
		{7D480310-A1BE-47ED-9961-43FFA9E696DC}.Debug|x64.Build.0 = Debug|x64
		{7D480310-A1BE-47ED-9961-43FFA9E696DC}.Release|x64.ActiveCfg = Release|x64
		{7D480310-A1BE-47ED-9961-43FFA9E696DC}.Release|x64.Build.0 = Release|x64
		{7D480310-A1BE-47ED-9961-43FFA9E696DC}.MinSizeRel|x64.ActiveCfg = MinSizeRel|x64
		{7D480310-A1BE-47ED-9961-43FFA9E696DC}.MinSizeRel|x64.Build.0 = MinSizeRel|x64
		{7D480310-A1BE-47ED-9961-43FFA9E696DC}.RelWithDebInfo|x64.ActiveCfg = RelWithDebInfo|x64
		{7D480310-A1BE-47ED-9961-43FFA9E696DC}.RelWithDebInfo|x64.Build.0 = RelWithDebInfo|x64
		{81A76562-23B6-4DCD-B1D4-A1ABFE30F3E6}.Debug|x64.ActiveCfg = Debug|x64
		{81A76562-23B6-4DCD-B1D4-A1ABFE30F3E6}.Debug|x64.Build.0 = Debug|x64
		{81A76562-23B6-4DCD-B1D4-A1ABFE30F3E6}.Release|x64.ActiveCfg = Release|x64
		{81A76562-23B6-4DCD-B1D4-A1ABFE30F3E6}.Release|x64.Build.0 = Release|x64
		{81A76562-23B6-4DCD-B1D4-A1ABFE30F3E6}.MinSizeRel|x64.ActiveCfg = MinSizeRel|x64
		{81A76562-23B6-4DCD-B1D4-A1ABFE30F3E6}.MinSizeRel|x64.Build.0 = MinSizeRel|x64
		{81A76562-23B6-4DCD-B1D4-A1ABFE30F3E6}.RelWithDebInfo|x64.ActiveCfg = RelWithDebInfo|x64
		{81A76562-23B6-4DCD-B1D4-A1ABFE30F3E6}.RelWithDebInfo|x64.Build.0 = RelWithDebInfo|x64
		{75192307-C46D-47B9-91B6-0C43CAB86770}.Debug|x64.ActiveCfg = Debug|x64
		{75192307-C46D-47B9-91B6-0C43CAB86770}.Release|x64.ActiveCfg = Release|x64
		{75192307-C46D-47B9-91B6-0C43CAB86770}.MinSizeRel|x64.ActiveCfg = MinSizeRel|x64
		{75192307-C46D-47B9-91B6-0C43CAB86770}.RelWithDebInfo|x64.ActiveCfg = RelWithDebInfo|x64
	EndGlobalSection
	GlobalSection(ExtensibilityGlobals) = postSolution
	EndGlobalSection
	GlobalSection(ExtensibilityAddIns) = postSolution
	EndGlobalSection
EndGlobal
