<?xml version="1.0" encoding="UTF-8"?>
<Project ToolsVersion="4.0" xmlns="http://schemas.microsoft.com/developer/msbuild/2003">
  <ItemGroup>
    <CustomBuild Include="CMakeFiles\a4420fe80b025011ea96b2e0b5d05d95\INSTALL_force.rule">
      <Filter>CMake Rules</Filter>
    </CustomBuild>
  </ItemGroup>
  <ItemGroup>
    <Filter Include="CMake Rules">
      <UniqueIdentifier>{510D184C-F063-4704-9AA9-7838EC985A4B}</UniqueIdentifier>
    </Filter>
  </ItemGroup>
</Project>
