Microsoft Visual Studio Solution File, Format Version 11.00
# Visual Studio 2010
Project("{8BC9CEB8-8B4A-11D0-8D11-00A0C91BC942}") = "ALL_BUILD", "ALL_BUILD.vcxproj", "{BFB6B480-2507-420C-893E-41A9F3524492}"
	ProjectSection(ProjectDependencies) = postProject
		{9808AB93-BF3B-4705-88E2-FDC97CDDBAA6} = {9808AB93-BF3B-4705-88E2-FDC97CDDBAA6}
	EndProjectSection
EndProject
Project("{8BC9CEB8-8B4A-11D0-8D11-00A0C91BC942}") = "GbeAcquisitionExample", "GbeAcquisitionExample.vcxproj", "{9808AB93-BF3B-4705-88E2-FDC97CDDBAA6}"
	ProjectSection(ProjectDependencies) = postProject
	EndProjectSection
EndProject
Project("{8BC9CEB8-8B4A-11D0-8D11-00A0C91BC942}") = "INSTALL", "INSTALL.vcxproj", "{3EFC0D09-7FDC-46E5-8E0C-8658211EC35C}"
	ProjectSection(ProjectDependencies) = postProject
		{BFB6B480-2507-420C-893E-41A9F3524492} = {BFB6B480-2507-420C-893E-41A9F3524492}
	EndProjectSection
EndProject
Global
	GlobalSection(SolutionConfigurationPlatforms) = preSolution
		Debug|Win32 = Debug|Win32
		Release|Win32 = Release|Win32
		MinSizeRel|Win32 = MinSizeRel|Win32
		RelWithDebInfo|Win32 = RelWithDebInfo|Win32
	EndGlobalSection
	GlobalSection(ProjectConfigurationPlatforms) = postSolution
		{BFB6B480-2507-420C-893E-41A9F3524492}.Debug|Win32.ActiveCfg = Debug|Win32
		{BFB6B480-2507-420C-893E-41A9F3524492}.Debug|Win32.Build.0 = Debug|Win32
		{BFB6B480-2507-420C-893E-41A9F3524492}.Release|Win32.ActiveCfg = Release|Win32
		{BFB6B480-2507-420C-893E-41A9F3524492}.Release|Win32.Build.0 = Release|Win32
		{BFB6B480-2507-420C-893E-41A9F3524492}.MinSizeRel|Win32.ActiveCfg = MinSizeRel|Win32
		{BFB6B480-2507-420C-893E-41A9F3524492}.MinSizeRel|Win32.Build.0 = MinSizeRel|Win32
		{BFB6B480-2507-420C-893E-41A9F3524492}.RelWithDebInfo|Win32.ActiveCfg = RelWithDebInfo|Win32
		{BFB6B480-2507-420C-893E-41A9F3524492}.RelWithDebInfo|Win32.Build.0 = RelWithDebInfo|Win32
		{9808AB93-BF3B-4705-88E2-FDC97CDDBAA6}.Debug|Win32.ActiveCfg = Debug|Win32
		{9808AB93-BF3B-4705-88E2-FDC97CDDBAA6}.Debug|Win32.Build.0 = Debug|Win32
		{9808AB93-BF3B-4705-88E2-FDC97CDDBAA6}.Release|Win32.ActiveCfg = Release|Win32
		{9808AB93-BF3B-4705-88E2-FDC97CDDBAA6}.Release|Win32.Build.0 = Release|Win32
		{9808AB93-BF3B-4705-88E2-FDC97CDDBAA6}.MinSizeRel|Win32.ActiveCfg = MinSizeRel|Win32
		{9808AB93-BF3B-4705-88E2-FDC97CDDBAA6}.MinSizeRel|Win32.Build.0 = MinSizeRel|Win32
		{9808AB93-BF3B-4705-88E2-FDC97CDDBAA6}.RelWithDebInfo|Win32.ActiveCfg = RelWithDebInfo|Win32
		{9808AB93-BF3B-4705-88E2-FDC97CDDBAA6}.RelWithDebInfo|Win32.Build.0 = RelWithDebInfo|Win32
		{3EFC0D09-7FDC-46E5-8E0C-8658211EC35C}.Debug|Win32.ActiveCfg = Debug|Win32
		{3EFC0D09-7FDC-46E5-8E0C-8658211EC35C}.Release|Win32.ActiveCfg = Release|Win32
		{3EFC0D09-7FDC-46E5-8E0C-8658211EC35C}.MinSizeRel|Win32.ActiveCfg = MinSizeRel|Win32
		{3EFC0D09-7FDC-46E5-8E0C-8658211EC35C}.RelWithDebInfo|Win32.ActiveCfg = RelWithDebInfo|Win32
	EndGlobalSection
	GlobalSection(ExtensibilityGlobals) = postSolution
	EndGlobalSection
	GlobalSection(ExtensibilityAddIns) = postSolution
	EndGlobalSection
EndGlobal
