Microsoft Visual Studio Solution File, Format Version 11.00
# Visual Studio 2010
Project("{8BC9CEB8-8B4A-11D0-8D11-00A0C91BC942}") = "ALL_BUILD", "ALL_BUILD.vcxproj", "{F2EA11FF-B5A0-40B0-8068-C59528B3D0F2}"
	ProjectSection(ProjectDependencies) = postProject
		{B949D8E8-3789-4E52-9DC7-B709E47BBDCC} = {B949D8E8-3789-4E52-9DC7-B709E47BBDCC}
	EndProjectSection
EndProject
Project("{8BC9CEB8-8B4A-11D0-8D11-00A0C91BC942}") = "FgSaveConfigExample", "FgSaveConfigExample.vcxproj", "{B949D8E8-3789-4E52-9DC7-B709E47BBDCC}"
	ProjectSection(ProjectDependencies) = postProject
	EndProjectSection
EndProject
Project("{8BC9CEB8-8B4A-11D0-8D11-00A0C91BC942}") = "INSTALL", "INSTALL.vcxproj", "{DBDC9A4A-D92F-4593-8FA8-489F19A96668}"
	ProjectSection(ProjectDependencies) = postProject
		{F2EA11FF-B5A0-40B0-8068-C59528B3D0F2} = {F2EA11FF-B5A0-40B0-8068-C59528B3D0F2}
	EndProjectSection
EndProject
Global
	GlobalSection(SolutionConfigurationPlatforms) = preSolution
		Debug|Win32 = Debug|Win32
		Release|Win32 = Release|Win32
		MinSizeRel|Win32 = MinSizeRel|Win32
		RelWithDebInfo|Win32 = RelWithDebInfo|Win32
	EndGlobalSection
	GlobalSection(ProjectConfigurationPlatforms) = postSolution
		{F2EA11FF-B5A0-40B0-8068-C59528B3D0F2}.Debug|Win32.ActiveCfg = Debug|Win32
		{F2EA11FF-B5A0-40B0-8068-C59528B3D0F2}.Debug|Win32.Build.0 = Debug|Win32
		{F2EA11FF-B5A0-40B0-8068-C59528B3D0F2}.Release|Win32.ActiveCfg = Release|Win32
		{F2EA11FF-B5A0-40B0-8068-C59528B3D0F2}.Release|Win32.Build.0 = Release|Win32
		{F2EA11FF-B5A0-40B0-8068-C59528B3D0F2}.MinSizeRel|Win32.ActiveCfg = MinSizeRel|Win32
		{F2EA11FF-B5A0-40B0-8068-C59528B3D0F2}.MinSizeRel|Win32.Build.0 = MinSizeRel|Win32
		{F2EA11FF-B5A0-40B0-8068-C59528B3D0F2}.RelWithDebInfo|Win32.ActiveCfg = RelWithDebInfo|Win32
		{F2EA11FF-B5A0-40B0-8068-C59528B3D0F2}.RelWithDebInfo|Win32.Build.0 = RelWithDebInfo|Win32
		{B949D8E8-3789-4E52-9DC7-B709E47BBDCC}.Debug|Win32.ActiveCfg = Debug|Win32
		{B949D8E8-3789-4E52-9DC7-B709E47BBDCC}.Debug|Win32.Build.0 = Debug|Win32
		{B949D8E8-3789-4E52-9DC7-B709E47BBDCC}.Release|Win32.ActiveCfg = Release|Win32
		{B949D8E8-3789-4E52-9DC7-B709E47BBDCC}.Release|Win32.Build.0 = Release|Win32
		{B949D8E8-3789-4E52-9DC7-B709E47BBDCC}.MinSizeRel|Win32.ActiveCfg = MinSizeRel|Win32
		{B949D8E8-3789-4E52-9DC7-B709E47BBDCC}.MinSizeRel|Win32.Build.0 = MinSizeRel|Win32
		{B949D8E8-3789-4E52-9DC7-B709E47BBDCC}.RelWithDebInfo|Win32.ActiveCfg = RelWithDebInfo|Win32
		{B949D8E8-3789-4E52-9DC7-B709E47BBDCC}.RelWithDebInfo|Win32.Build.0 = RelWithDebInfo|Win32
		{DBDC9A4A-D92F-4593-8FA8-489F19A96668}.Debug|Win32.ActiveCfg = Debug|Win32
		{DBDC9A4A-D92F-4593-8FA8-489F19A96668}.Release|Win32.ActiveCfg = Release|Win32
		{DBDC9A4A-D92F-4593-8FA8-489F19A96668}.MinSizeRel|Win32.ActiveCfg = MinSizeRel|Win32
		{DBDC9A4A-D92F-4593-8FA8-489F19A96668}.RelWithDebInfo|Win32.ActiveCfg = RelWithDebInfo|Win32
	EndGlobalSection
	GlobalSection(ExtensibilityGlobals) = postSolution
	EndGlobalSection
	GlobalSection(ExtensibilityAddIns) = postSolution
	EndGlobalSection
EndGlobal
