Microsoft Visual Studio Solution File, Format Version 11.00
# Visual Studio 2010
Project("{8BC9CEB8-8B4A-11D0-8D11-00A0C91BC942}") = "ALL_BUILD", "ALL_BUILD.vcxproj", "{75867B90-2097-4959-AF30-FC2EBE97AD9C}"
	ProjectSection(ProjectDependencies) = postProject
		{C402E06B-47EF-438A-A179-4FD7A6C1AB53} = {C402E06B-47EF-438A-A179-4FD7A6C1AB53}
	EndProjectSection
EndProject
Project("{8BC9CEB8-8B4A-11D0-8D11-00A0C91BC942}") = "GbeCameraDetectionExample", "GbeCameraDetectionExample.vcxproj", "{C402E06B-47EF-438A-A179-4FD7A6C1AB53}"
	ProjectSection(ProjectDependencies) = postProject
	EndProjectSection
EndProject
Project("{8BC9CEB8-8B4A-11D0-8D11-00A0C91BC942}") = "INSTALL", "INSTALL.vcxproj", "{9D18BB3E-E1BB-4218-8075-7B636064EBE7}"
	ProjectSection(ProjectDependencies) = postProject
		{75867B90-2097-4959-AF30-FC2EBE97AD9C} = {75867B90-2097-4959-AF30-FC2EBE97AD9C}
	EndProjectSection
EndProject
Global
	GlobalSection(SolutionConfigurationPlatforms) = preSolution
		Debug|x64 = Debug|x64
		Release|x64 = Release|x64
		MinSizeRel|x64 = MinSizeRel|x64
		RelWithDebInfo|x64 = RelWithDebInfo|x64
	EndGlobalSection
	GlobalSection(ProjectConfigurationPlatforms) = postSolution
		{75867B90-2097-4959-AF30-FC2EBE97AD9C}.Debug|x64.ActiveCfg = Debug|x64
		{75867B90-2097-4959-AF30-FC2EBE97AD9C}.Debug|x64.Build.0 = Debug|x64
		{75867B90-2097-4959-AF30-FC2EBE97AD9C}.Release|x64.ActiveCfg = Release|x64
		{75867B90-2097-4959-AF30-FC2EBE97AD9C}.Release|x64.Build.0 = Release|x64
		{75867B90-2097-4959-AF30-FC2EBE97AD9C}.MinSizeRel|x64.ActiveCfg = MinSizeRel|x64
		{75867B90-2097-4959-AF30-FC2EBE97AD9C}.MinSizeRel|x64.Build.0 = MinSizeRel|x64
		{75867B90-2097-4959-AF30-FC2EBE97AD9C}.RelWithDebInfo|x64.ActiveCfg = RelWithDebInfo|x64
		{75867B90-2097-4959-AF30-FC2EBE97AD9C}.RelWithDebInfo|x64.Build.0 = RelWithDebInfo|x64
		{C402E06B-47EF-438A-A179-4FD7A6C1AB53}.Debug|x64.ActiveCfg = Debug|x64
		{C402E06B-47EF-438A-A179-4FD7A6C1AB53}.Debug|x64.Build.0 = Debug|x64
		{C402E06B-47EF-438A-A179-4FD7A6C1AB53}.Release|x64.ActiveCfg = Release|x64
		{C402E06B-47EF-438A-A179-4FD7A6C1AB53}.Release|x64.Build.0 = Release|x64
		{C402E06B-47EF-438A-A179-4FD7A6C1AB53}.MinSizeRel|x64.ActiveCfg = MinSizeRel|x64
		{C402E06B-47EF-438A-A179-4FD7A6C1AB53}.MinSizeRel|x64.Build.0 = MinSizeRel|x64
		{C402E06B-47EF-438A-A179-4FD7A6C1AB53}.RelWithDebInfo|x64.ActiveCfg = RelWithDebInfo|x64
		{C402E06B-47EF-438A-A179-4FD7A6C1AB53}.RelWithDebInfo|x64.Build.0 = RelWithDebInfo|x64
		{9D18BB3E-E1BB-4218-8075-7B636064EBE7}.Debug|x64.ActiveCfg = Debug|x64
		{9D18BB3E-E1BB-4218-8075-7B636064EBE7}.Release|x64.ActiveCfg = Release|x64
		{9D18BB3E-E1BB-4218-8075-7B636064EBE7}.MinSizeRel|x64.ActiveCfg = MinSizeRel|x64
		{9D18BB3E-E1BB-4218-8075-7B636064EBE7}.RelWithDebInfo|x64.ActiveCfg = RelWithDebInfo|x64
	EndGlobalSection
	GlobalSection(ExtensibilityGlobals) = postSolution
	EndGlobalSection
	GlobalSection(ExtensibilityAddIns) = postSolution
	EndGlobalSection
EndGlobal
