<?xml version="1.0" encoding="UTF-8"?>
<Project ToolsVersion="4.0" xmlns="http://schemas.microsoft.com/developer/msbuild/2003">
  <ItemGroup>
    <CustomBuild Include="CMakeFiles\60fa5e0d4cc49916a0eb7a7343dc4763\INSTALL_force.rule">
      <Filter>CMake Rules</Filter>
    </CustomBuild>
  </ItemGroup>
  <ItemGroup>
    <Filter Include="CMake Rules">
      <UniqueIdentifier>{66C4BE0C-2D13-4396-B416-E789B25FC12C}</UniqueIdentifier>
    </Filter>
  </ItemGroup>
</Project>
