<?xml version="1.0" encoding="UTF-8"?>
<Project ToolsVersion="4.0" xmlns="http://schemas.microsoft.com/developer/msbuild/2003">
  <ItemGroup>
    <ClCompile Include="..\FgParameterIterationExample.cpp">
      <Filter>src</Filter>
    </ClCompile>
    <ClCompile Include="..\main.cpp">
      <Filter>src</Filter>
    </ClCompile>
    <ClCompile Include="..\..\..\Initialization\FgDmaChannel\FgDmaChannelExample.cpp">
      <Filter>helper</Filter>
    </ClCompile>
    <ClCompile Include="..\..\..\Initialization\FgAppletIterator\FgAppletIteratorExample.cpp">
      <Filter>helper</Filter>
    </ClCompile>
    <ClCompile Include="..\..\..\..\ExampleHelper\DmaMemWrapper.cpp">
      <Filter>helper</Filter>
    </ClCompile>
    <ClCompile Include="..\..\..\..\ExampleHelper\DisplayWrapper.cpp">
      <Filter>helper</Filter>
    </ClCompile>
    <ClCompile Include="..\..\..\..\ExampleHelper\FgWrapper.cpp">
      <Filter>helper</Filter>
    </ClCompile>
    <ClCompile Include="..\..\..\..\ExampleHelper\FgExample.cpp">
      <Filter>helper</Filter>
    </ClCompile>
  </ItemGroup>
  <ItemGroup>
    <Filter Include="src">
      <UniqueIdentifier>{CD7DA9B2-35A9-45CB-9C93-0FFA546DC61E}</UniqueIdentifier>
    </Filter>
    <Filter Include="helper">
      <UniqueIdentifier>{E34C493D-7DC5-4A6B-81CF-A369F652AA5D}</UniqueIdentifier>
    </Filter>
  </ItemGroup>
</Project>
