<?xml version="1.0" encoding="UTF-8"?>
<Project ToolsVersion="4.0" xmlns="http://schemas.microsoft.com/developer/msbuild/2003">
  <ItemGroup>
    <CustomBuild Include="CMakeFiles\15d6d940f11470c89f8db84a06b8ace5\INSTALL_force.rule">
      <Filter>CMake Rules</Filter>
    </CustomBuild>
  </ItemGroup>
  <ItemGroup>
    <Filter Include="CMake Rules">
      <UniqueIdentifier>{640A978A-A295-429D-9D79-F4F7EC9CE8EA}</UniqueIdentifier>
    </Filter>
  </ItemGroup>
</Project>
