Microsoft Visual Studio Solution File, Format Version 11.00
# Visual Studio 2010
Project("{8BC9CEB8-8B4A-11D0-8D11-00A0C91BC942}") = "ALL_BUILD", "ALL_BUILD.vcxproj", "{50C44C80-3732-4BE3-9ED4-A30157B45DA8}"
	ProjectSection(ProjectDependencies) = postProject
		{83D7469D-878A-484F-809F-AC7F22DABC8D} = {83D7469D-878A-484F-809F-AC7F22DABC8D}
	EndProjectSection
EndProject
Project("{8BC9CEB8-8B4A-11D0-8D11-00A0C91BC942}") = "INSTALL", "INSTALL.vcxproj", "{939B39BD-DA5E-4CDF-8C7B-2D88BD382034}"
	ProjectSection(ProjectDependencies) = postProject
		{50C44C80-3732-4BE3-9ED4-A30157B45DA8} = {50C44C80-3732-4BE3-9ED4-A30157B45DA8}
	EndProjectSection
EndProject
Project("{8BC9CEB8-8B4A-11D0-8D11-00A0C91BC942}") = "SgcAcquisitionWithLoggingExample", "SgcAcquisitionWithLoggingExample.vcxproj", "{83D7469D-878A-484F-809F-AC7F22DABC8D}"
	ProjectSection(ProjectDependencies) = postProject
	EndProjectSection
EndProject
Global
	GlobalSection(SolutionConfigurationPlatforms) = preSolution
		Debug|Win32 = Debug|Win32
		Release|Win32 = Release|Win32
		MinSizeRel|Win32 = MinSizeRel|Win32
		RelWithDebInfo|Win32 = RelWithDebInfo|Win32
	EndGlobalSection
	GlobalSection(ProjectConfigurationPlatforms) = postSolution
		{50C44C80-3732-4BE3-9ED4-A30157B45DA8}.Debug|Win32.ActiveCfg = Debug|Win32
		{50C44C80-3732-4BE3-9ED4-A30157B45DA8}.Debug|Win32.Build.0 = Debug|Win32
		{50C44C80-3732-4BE3-9ED4-A30157B45DA8}.Release|Win32.ActiveCfg = Release|Win32
		{50C44C80-3732-4BE3-9ED4-A30157B45DA8}.Release|Win32.Build.0 = Release|Win32
		{50C44C80-3732-4BE3-9ED4-A30157B45DA8}.MinSizeRel|Win32.ActiveCfg = MinSizeRel|Win32
		{50C44C80-3732-4BE3-9ED4-A30157B45DA8}.MinSizeRel|Win32.Build.0 = MinSizeRel|Win32
		{50C44C80-3732-4BE3-9ED4-A30157B45DA8}.RelWithDebInfo|Win32.ActiveCfg = RelWithDebInfo|Win32
		{50C44C80-3732-4BE3-9ED4-A30157B45DA8}.RelWithDebInfo|Win32.Build.0 = RelWithDebInfo|Win32
		{939B39BD-DA5E-4CDF-8C7B-2D88BD382034}.Debug|Win32.ActiveCfg = Debug|Win32
		{939B39BD-DA5E-4CDF-8C7B-2D88BD382034}.Release|Win32.ActiveCfg = Release|Win32
		{939B39BD-DA5E-4CDF-8C7B-2D88BD382034}.MinSizeRel|Win32.ActiveCfg = MinSizeRel|Win32
		{939B39BD-DA5E-4CDF-8C7B-2D88BD382034}.RelWithDebInfo|Win32.ActiveCfg = RelWithDebInfo|Win32
		{83D7469D-878A-484F-809F-AC7F22DABC8D}.Debug|Win32.ActiveCfg = Debug|Win32
		{83D7469D-878A-484F-809F-AC7F22DABC8D}.Debug|Win32.Build.0 = Debug|Win32
		{83D7469D-878A-484F-809F-AC7F22DABC8D}.Release|Win32.ActiveCfg = Release|Win32
		{83D7469D-878A-484F-809F-AC7F22DABC8D}.Release|Win32.Build.0 = Release|Win32
		{83D7469D-878A-484F-809F-AC7F22DABC8D}.MinSizeRel|Win32.ActiveCfg = MinSizeRel|Win32
		{83D7469D-878A-484F-809F-AC7F22DABC8D}.MinSizeRel|Win32.Build.0 = MinSizeRel|Win32
		{83D7469D-878A-484F-809F-AC7F22DABC8D}.RelWithDebInfo|Win32.ActiveCfg = RelWithDebInfo|Win32
		{83D7469D-878A-484F-809F-AC7F22DABC8D}.RelWithDebInfo|Win32.Build.0 = RelWithDebInfo|Win32
	EndGlobalSection
	GlobalSection(ExtensibilityGlobals) = postSolution
	EndGlobalSection
	GlobalSection(ExtensibilityAddIns) = postSolution
	EndGlobalSection
EndGlobal
