<?xml version="1.0" encoding="UTF-8"?>
<Project ToolsVersion="4.0" xmlns="http://schemas.microsoft.com/developer/msbuild/2003">
  <ItemGroup>
    <CustomBuild Include="CMakeFiles\071ff3c4464b8f1fe2b12fc6792b087d\INSTALL_force.rule">
      <Filter>CMake Rules</Filter>
    </CustomBuild>
  </ItemGroup>
  <ItemGroup>
    <Filter Include="CMake Rules">
      <UniqueIdentifier>{3E1A42F6-1261-41F4-A32A-214BA5E4D19C}</UniqueIdentifier>
    </Filter>
  </ItemGroup>
</Project>
