Microsoft Visual Studio Solution File, Format Version 11.00
# Visual Studio 2010
Project("{8BC9CEB8-8B4A-11D0-8D11-00A0C91BC942}") = "ALL_BUILD", "ALL_BUILD.vcxproj", "{4BF84E96-9F6A-4A7D-B712-C0E666B188D3}"
	ProjectSection(ProjectDependencies) = postProject
		{BE90840C-F93C-4DD4-9ED5-0E6030F1DB7E} = {BE90840C-F93C-4DD4-9ED5-0E6030F1DB7E}
	EndProjectSection
EndProject
Project("{8BC9CEB8-8B4A-11D0-8D11-00A0C91BC942}") = "INSTALL", "INSTALL.vcxproj", "{263FA07F-0857-473F-A9B5-96B2FA08BC67}"
	ProjectSection(ProjectDependencies) = postProject
		{4BF84E96-9F6A-4A7D-B712-C0E666B188D3} = {4BF84E96-9F6A-4A7D-B712-C0E666B188D3}
	EndProjectSection
EndProject
Project("{8BC9CEB8-8B4A-11D0-8D11-00A0C91BC942}") = "iolibrtTiffExample", "iolibrtTiffExample.vcxproj", "{BE90840C-F93C-4DD4-9ED5-0E6030F1DB7E}"
	ProjectSection(ProjectDependencies) = postProject
	EndProjectSection
EndProject
Global
	GlobalSection(SolutionConfigurationPlatforms) = preSolution
		Debug|Win32 = Debug|Win32
		Release|Win32 = Release|Win32
		MinSizeRel|Win32 = MinSizeRel|Win32
		RelWithDebInfo|Win32 = RelWithDebInfo|Win32
	EndGlobalSection
	GlobalSection(ProjectConfigurationPlatforms) = postSolution
		{4BF84E96-9F6A-4A7D-B712-C0E666B188D3}.Debug|Win32.ActiveCfg = Debug|Win32
		{4BF84E96-9F6A-4A7D-B712-C0E666B188D3}.Debug|Win32.Build.0 = Debug|Win32
		{4BF84E96-9F6A-4A7D-B712-C0E666B188D3}.Release|Win32.ActiveCfg = Release|Win32
		{4BF84E96-9F6A-4A7D-B712-C0E666B188D3}.Release|Win32.Build.0 = Release|Win32
		{4BF84E96-9F6A-4A7D-B712-C0E666B188D3}.MinSizeRel|Win32.ActiveCfg = MinSizeRel|Win32
		{4BF84E96-9F6A-4A7D-B712-C0E666B188D3}.MinSizeRel|Win32.Build.0 = MinSizeRel|Win32
		{4BF84E96-9F6A-4A7D-B712-C0E666B188D3}.RelWithDebInfo|Win32.ActiveCfg = RelWithDebInfo|Win32
		{4BF84E96-9F6A-4A7D-B712-C0E666B188D3}.RelWithDebInfo|Win32.Build.0 = RelWithDebInfo|Win32
		{263FA07F-0857-473F-A9B5-96B2FA08BC67}.Debug|Win32.ActiveCfg = Debug|Win32
		{263FA07F-0857-473F-A9B5-96B2FA08BC67}.Release|Win32.ActiveCfg = Release|Win32
		{263FA07F-0857-473F-A9B5-96B2FA08BC67}.MinSizeRel|Win32.ActiveCfg = MinSizeRel|Win32
		{263FA07F-0857-473F-A9B5-96B2FA08BC67}.RelWithDebInfo|Win32.ActiveCfg = RelWithDebInfo|Win32
		{BE90840C-F93C-4DD4-9ED5-0E6030F1DB7E}.Debug|Win32.ActiveCfg = Debug|Win32
		{BE90840C-F93C-4DD4-9ED5-0E6030F1DB7E}.Debug|Win32.Build.0 = Debug|Win32
		{BE90840C-F93C-4DD4-9ED5-0E6030F1DB7E}.Release|Win32.ActiveCfg = Release|Win32
		{BE90840C-F93C-4DD4-9ED5-0E6030F1DB7E}.Release|Win32.Build.0 = Release|Win32
		{BE90840C-F93C-4DD4-9ED5-0E6030F1DB7E}.MinSizeRel|Win32.ActiveCfg = MinSizeRel|Win32
		{BE90840C-F93C-4DD4-9ED5-0E6030F1DB7E}.MinSizeRel|Win32.Build.0 = MinSizeRel|Win32
		{BE90840C-F93C-4DD4-9ED5-0E6030F1DB7E}.RelWithDebInfo|Win32.ActiveCfg = RelWithDebInfo|Win32
		{BE90840C-F93C-4DD4-9ED5-0E6030F1DB7E}.RelWithDebInfo|Win32.Build.0 = RelWithDebInfo|Win32
	EndGlobalSection
	GlobalSection(ExtensibilityGlobals) = postSolution
	EndGlobalSection
	GlobalSection(ExtensibilityAddIns) = postSolution
	EndGlobalSection
EndGlobal
