<?xml version="1.0" encoding="UTF-8"?>
<Project ToolsVersion="4.0" xmlns="http://schemas.microsoft.com/developer/msbuild/2003">
  <ItemGroup>
    <ClCompile Include="..\SgcAutoDiscoveryExample.cpp">
      <Filter>src</Filter>
    </ClCompile>
    <ClCompile Include="..\main.cpp">
      <Filter>src</Filter>
    </ClCompile>
    <ClCompile Include="..\..\..\ExampleHelper\DmaMemWrapper.cpp">
      <Filter>helper</Filter>
    </ClCompile>
    <ClCompile Include="..\..\..\fglib\Acquisition\AcqBlock\FgAcqBlockExample.cpp">
      <Filter>helper</Filter>
    </ClCompile>
    <ClCompile Include="..\..\..\ExampleHelper\DisplayWrapper.cpp">
      <Filter>helper</Filter>
    </ClCompile>
    <ClCompile Include="..\..\..\ExampleHelper\FgWrapper.cpp">
      <Filter>helper</Filter>
    </ClCompile>
    <ClCompile Include="..\..\..\ExampleHelper\FgExample.cpp">
      <Filter>helper</Filter>
    </ClCompile>
    <ClCompile Include="..\..\..\ExampleHelper\SgcWrapper.cpp">
      <Filter>helper</Filter>
    </ClCompile>
    <ClCompile Include="..\..\..\ExampleHelper\SgcExample.cpp">
      <Filter>helper</Filter>
    </ClCompile>
  </ItemGroup>
  <ItemGroup>
    <Filter Include="src">
      <UniqueIdentifier>{91B4B186-D07A-48D5-A934-28019A023B5D}</UniqueIdentifier>
    </Filter>
    <Filter Include="helper">
      <UniqueIdentifier>{9AEF28B4-90D3-4E9C-AF0B-1D53D2BA92CB}</UniqueIdentifier>
    </Filter>
  </ItemGroup>
</Project>
