Microsoft Visual Studio Solution File, Format Version 11.00
# Visual Studio 2010
Project("{8BC9CEB8-8B4A-11D0-8D11-00A0C91BC942}") = "ALL_BUILD", "ALL_BUILD.vcxproj", "{6CC16E4F-9BDA-4357-A603-94AA222AF99B}"
	ProjectSection(ProjectDependencies) = postProject
		{359B62F4-A607-456B-A273-BCCAA8768B96} = {359B62F4-A607-456B-A273-BCCAA8768B96}
	EndProjectSection
EndProject
Project("{8BC9CEB8-8B4A-11D0-8D11-00A0C91BC942}") = "GbeCameraConnectionExample", "GbeCameraConnectionExample.vcxproj", "{359B62F4-A607-456B-A273-BCCAA8768B96}"
	ProjectSection(ProjectDependencies) = postProject
	EndProjectSection
EndProject
Project("{8BC9CEB8-8B4A-11D0-8D11-00A0C91BC942}") = "INSTALL", "INSTALL.vcxproj", "{5182CB12-7FC7-4704-8FD6-B4C23D9524F9}"
	ProjectSection(ProjectDependencies) = postProject
		{6CC16E4F-9BDA-4357-A603-94AA222AF99B} = {6CC16E4F-9BDA-4357-A603-94AA222AF99B}
	EndProjectSection
EndProject
Global
	GlobalSection(SolutionConfigurationPlatforms) = preSolution
		Debug|Win32 = Debug|Win32
		Release|Win32 = Release|Win32
		MinSizeRel|Win32 = MinSizeRel|Win32
		RelWithDebInfo|Win32 = RelWithDebInfo|Win32
	EndGlobalSection
	GlobalSection(ProjectConfigurationPlatforms) = postSolution
		{6CC16E4F-9BDA-4357-A603-94AA222AF99B}.Debug|Win32.ActiveCfg = Debug|Win32
		{6CC16E4F-9BDA-4357-A603-94AA222AF99B}.Debug|Win32.Build.0 = Debug|Win32
		{6CC16E4F-9BDA-4357-A603-94AA222AF99B}.Release|Win32.ActiveCfg = Release|Win32
		{6CC16E4F-9BDA-4357-A603-94AA222AF99B}.Release|Win32.Build.0 = Release|Win32
		{6CC16E4F-9BDA-4357-A603-94AA222AF99B}.MinSizeRel|Win32.ActiveCfg = MinSizeRel|Win32
		{6CC16E4F-9BDA-4357-A603-94AA222AF99B}.MinSizeRel|Win32.Build.0 = MinSizeRel|Win32
		{6CC16E4F-9BDA-4357-A603-94AA222AF99B}.RelWithDebInfo|Win32.ActiveCfg = RelWithDebInfo|Win32
		{6CC16E4F-9BDA-4357-A603-94AA222AF99B}.RelWithDebInfo|Win32.Build.0 = RelWithDebInfo|Win32
		{359B62F4-A607-456B-A273-BCCAA8768B96}.Debug|Win32.ActiveCfg = Debug|Win32
		{359B62F4-A607-456B-A273-BCCAA8768B96}.Debug|Win32.Build.0 = Debug|Win32
		{359B62F4-A607-456B-A273-BCCAA8768B96}.Release|Win32.ActiveCfg = Release|Win32
		{359B62F4-A607-456B-A273-BCCAA8768B96}.Release|Win32.Build.0 = Release|Win32
		{359B62F4-A607-456B-A273-BCCAA8768B96}.MinSizeRel|Win32.ActiveCfg = MinSizeRel|Win32
		{359B62F4-A607-456B-A273-BCCAA8768B96}.MinSizeRel|Win32.Build.0 = MinSizeRel|Win32
		{359B62F4-A607-456B-A273-BCCAA8768B96}.RelWithDebInfo|Win32.ActiveCfg = RelWithDebInfo|Win32
		{359B62F4-A607-456B-A273-BCCAA8768B96}.RelWithDebInfo|Win32.Build.0 = RelWithDebInfo|Win32
		{5182CB12-7FC7-4704-8FD6-B4C23D9524F9}.Debug|Win32.ActiveCfg = Debug|Win32
		{5182CB12-7FC7-4704-8FD6-B4C23D9524F9}.Release|Win32.ActiveCfg = Release|Win32
		{5182CB12-7FC7-4704-8FD6-B4C23D9524F9}.MinSizeRel|Win32.ActiveCfg = MinSizeRel|Win32
		{5182CB12-7FC7-4704-8FD6-B4C23D9524F9}.RelWithDebInfo|Win32.ActiveCfg = RelWithDebInfo|Win32
	EndGlobalSection
	GlobalSection(ExtensibilityGlobals) = postSolution
	EndGlobalSection
	GlobalSection(ExtensibilityAddIns) = postSolution
	EndGlobalSection
EndGlobal
