<?xml version="1.0" encoding="UTF-8"?>
<Project ToolsVersion="4.0" xmlns="http://schemas.microsoft.com/developer/msbuild/2003">
  <ItemGroup>
    <ClCompile Include="..\FgAcqBlockExample.cpp">
      <Filter>src</Filter>
    </ClCompile>
    <ClCompile Include="..\main.cpp">
      <Filter>src</Filter>
    </ClCompile>
    <ClCompile Include="..\..\..\..\ExampleHelper\DmaMemWrapper.cpp">
      <Filter>helper</Filter>
    </ClCompile>
    <ClCompile Include="..\..\..\..\ExampleHelper\DisplayWrapper.cpp">
      <Filter>helper</Filter>
    </ClCompile>
    <ClCompile Include="..\..\..\..\ExampleHelper\FgWrapper.cpp">
      <Filter>helper</Filter>
    </ClCompile>
    <ClCompile Include="..\..\..\..\ExampleHelper\FgExample.cpp">
      <Filter>helper</Filter>
    </ClCompile>
    <ClCompile Include="..\..\..\Initialization\FgAppletIterator\FgAppletIteratorExample.cpp">
      <Filter>helper</Filter>
    </ClCompile>
  </ItemGroup>
  <ItemGroup>
    <ClInclude Include="..\..\..\..\include\fg_pixel.h">
      <Filter>helper</Filter>
    </ClInclude>
  </ItemGroup>
  <ItemGroup>
    <Filter Include="src">
      <UniqueIdentifier>{ED8D2570-9DB6-4A78-8AE9-17914526F705}</UniqueIdentifier>
    </Filter>
    <Filter Include="helper">
      <UniqueIdentifier>{3610CFDA-D296-488E-BAF3-A5DAEB1B341E}</UniqueIdentifier>
    </Filter>
  </ItemGroup>
</Project>
