<?xml version="1.0" encoding="UTF-8"?>
<Project ToolsVersion="4.0" xmlns="http://schemas.microsoft.com/developer/msbuild/2003">
  <ItemGroup>
    <CustomBuild Include="CMakeFiles\3e8ef2e15877fb6da1a3c18763277c4a\INSTALL_force.rule">
      <Filter>CMake Rules</Filter>
    </CustomBuild>
  </ItemGroup>
  <ItemGroup>
    <Filter Include="CMake Rules">
      <UniqueIdentifier>{11D958D4-8A72-44B3-8544-CCAB51FB23E8}</UniqueIdentifier>
    </Filter>
  </ItemGroup>
</Project>
